
Microsoft Visual Studio Solution File, Format Version 12.00
# Visual Studio 15
VisualStudioVersion = 15.0.28010.2016
MinimumVisualStudioVersion = 10.0.40219.1
Project("{FAE04EC0-301F-11D3-BF4B-00C04F79EFBC}") = "Store", "Store\Store.csproj", "{BAFE8652-18EF-442D-AD89-A65F06B653DD}"
EndProject
Project("{FAE04EC0-301F-11D3-BF4B-00C04F79EFBC}") = "Store.Tests", "Store.Tests\Store.Tests.csproj", "{7390BECD-6BF5-4A6E-8DAD-8D9CD1AAFDA6}"
EndProject
Global
	GlobalSection(SolutionConfigurationPlatforms) = preSolution
		Debug|Any CPU = Debug|Any CPU
		Release|Any CPU = Release|Any CPU
	EndGlobalSection
	GlobalSection(ProjectConfigurationPlatforms) = postSolution
		{BAFE8652-18EF-442D-AD89-A65F06B653DD}.Debug|Any CPU.ActiveCfg = Debug|Any CPU
		{BAFE8652-18EF-442D-AD89-A65F06B653DD}.Debug|Any CPU.Build.0 = Debug|Any CPU
		{BAFE8652-18EF-442D-AD89-A65F06B653DD}.Release|Any CPU.ActiveCfg = Release|Any CPU
		{BAFE8652-18EF-442D-AD89-A65F06B653DD}.Release|Any CPU.Build.0 = Release|Any CPU
		{7390BECD-6BF5-4A6E-8DAD-8D9CD1AAFDA6}.Debug|Any CPU.ActiveCfg = Debug|Any CPU
		{7390BECD-6BF5-4A6E-8DAD-8D9CD1AAFDA6}.Debug|Any CPU.Build.0 = Debug|Any CPU
		{7390BECD-6BF5-4A6E-8DAD-8D9CD1AAFDA6}.Release|Any CPU.ActiveCfg = Release|Any CPU
		{7390BECD-6BF5-4A6E-8DAD-8D9CD1AAFDA6}.Release|Any CPU.Build.0 = Release|Any CPU
	EndGlobalSection
	GlobalSection(SolutionProperties) = preSolution
		HideSolutionNode = FALSE
	EndGlobalSection
	GlobalSection(ExtensibilityGlobals) = postSolution
		SolutionGuid = {89EEE898-2D41-4BB4-8442-DE329D7DA59F}
	EndGlobalSection
EndGlobal
